
Microsoft Visual Studio Solution File, Format Version 12.00
# Visual Studio 15
VisualStudioVersion = 15.0.27004.2006
MinimumVisualStudioVersion = 10.0.40219.1
Project("{FAE04EC0-301F-11D3-BF4B-00C04F79EFBC}") = "BLTelegramClient", "BLTelegramClient\BLTelegramClient.csproj", "{4E8A5790-7CCB-4F4F-BBB3-483D632711AF}"
EndProject
Project("{FAE04EC0-301F-11D3-BF4B-00C04F79EFBC}") = "UIConsole", "UIConsole\UIConsole.csproj", "{1855760E-1CD7-4DD8-AAF6-DB94C9F96D65}"
EndProject
Project("{FAE04EC0-301F-11D3-BF4B-00C04F79EFBC}") = "BLExchangeParser", "BLExchangeParser\BLExchangeParser.csproj", "{028F2FBE-AB19-4F30-B7B2-54DB63BF8FCC}"
EndProject
Project("{FAE04EC0-301F-11D3-BF4B-00C04F79EFBC}") = "BLEntities", "BLEntities\BLEntities.csproj", "{17E30287-1692-4F2F-AFE2-7E71F60263CE}"
EndProject
Project("{FAE04EC0-301F-11D3-BF4B-00C04F79EFBC}") = "BLExchangeParser.Tests", "BLExchangeParser.Tests\BLExchangeParser.Tests.csproj", "{5AC8FEB6-4C67-4390-B595-BFF0D15C421C}"
EndProject
Global
	GlobalSection(SolutionConfigurationPlatforms) = preSolution
		Debug|Any CPU = Debug|Any CPU
		Release|Any CPU = Release|Any CPU
	EndGlobalSection
	GlobalSection(ProjectConfigurationPlatforms) = postSolution
		{4E8A5790-7CCB-4F4F-BBB3-483D632711AF}.Debug|Any CPU.ActiveCfg = Debug|Any CPU
		{4E8A5790-7CCB-4F4F-BBB3-483D632711AF}.Debug|Any CPU.Build.0 = Debug|Any CPU
		{4E8A5790-7CCB-4F4F-BBB3-483D632711AF}.Release|Any CPU.ActiveCfg = Release|Any CPU
		{4E8A5790-7CCB-4F4F-BBB3-483D632711AF}.Release|Any CPU.Build.0 = Release|Any CPU
		{1855760E-1CD7-4DD8-AAF6-DB94C9F96D65}.Debug|Any CPU.ActiveCfg = Debug|Any CPU
		{1855760E-1CD7-4DD8-AAF6-DB94C9F96D65}.Debug|Any CPU.Build.0 = Debug|Any CPU
		{1855760E-1CD7-4DD8-AAF6-DB94C9F96D65}.Release|Any CPU.ActiveCfg = Release|Any CPU
		{1855760E-1CD7-4DD8-AAF6-DB94C9F96D65}.Release|Any CPU.Build.0 = Release|Any CPU
		{028F2FBE-AB19-4F30-B7B2-54DB63BF8FCC}.Debug|Any CPU.ActiveCfg = Debug|Any CPU
		{028F2FBE-AB19-4F30-B7B2-54DB63BF8FCC}.Debug|Any CPU.Build.0 = Debug|Any CPU
		{028F2FBE-AB19-4F30-B7B2-54DB63BF8FCC}.Release|Any CPU.ActiveCfg = Release|Any CPU
		{028F2FBE-AB19-4F30-B7B2-54DB63BF8FCC}.Release|Any CPU.Build.0 = Release|Any CPU
		{17E30287-1692-4F2F-AFE2-7E71F60263CE}.Debug|Any CPU.ActiveCfg = Debug|Any CPU
		{17E30287-1692-4F2F-AFE2-7E71F60263CE}.Debug|Any CPU.Build.0 = Debug|Any CPU
		{17E30287-1692-4F2F-AFE2-7E71F60263CE}.Release|Any CPU.ActiveCfg = Release|Any CPU
		{17E30287-1692-4F2F-AFE2-7E71F60263CE}.Release|Any CPU.Build.0 = Release|Any CPU
		{5AC8FEB6-4C67-4390-B595-BFF0D15C421C}.Debug|Any CPU.ActiveCfg = Debug|Any CPU
		{5AC8FEB6-4C67-4390-B595-BFF0D15C421C}.Debug|Any CPU.Build.0 = Debug|Any CPU
		{5AC8FEB6-4C67-4390-B595-BFF0D15C421C}.Release|Any CPU.ActiveCfg = Release|Any CPU
		{5AC8FEB6-4C67-4390-B595-BFF0D15C421C}.Release|Any CPU.Build.0 = Release|Any CPU
	EndGlobalSection
	GlobalSection(SolutionProperties) = preSolution
		HideSolutionNode = FALSE
	EndGlobalSection
	GlobalSection(ExtensibilityGlobals) = postSolution
		SolutionGuid = {A69048EE-95D5-418C-98A6-4E2B4F8A96D4}
	EndGlobalSection
EndGlobal
